{
  "name": "bluetooth-session-tracker",
  "version": "1.0.0",
  "lockfileVersion": 3,
  "requires": true,
  "packages": {
    "": {
      "name": "bluetooth-session-tracker",
      "version": "1.0.0",
      "license": "ISC",
      "devDependencies": {
        "@types/espruino": "^1.94.10",
        "typescript": "^5.8.3"
      }
    },
    "node_modules/@types/espruino": {
      "version": "1.94.10",
      "resolved": "https://registry.npmjs.org/@types/espruino/-/espruino-1.94.10.tgz",
      "integrity": "sha512-+rFJlVs1Weob0OnyT4UpRmnXl88t61O1bChmZaT+3AZl1xm1P1KrfZLuMnflsIBWq3FnsvC1wP0b340r6LhesQ==",
      "dev": true
    },
    "node_modules/typescript": {
      "version": "5.8.3",
      "resolved": "https://registry.npmjs.org/typescript/-/typescript-5.8.3.tgz",
      "integrity": "sha512-p1diW6TqL9L07nNxvRMM7hMMw4c5XOo/1ibL4aAIGmSAt9slTE1Xgw5KWuof2uTOvCg9BY7ZRi+GaF+7sfgPeQ==",
      "dev": true,
      "bin": {
        "tsc": "bin/tsc",
        "tsserver": "bin/tsserver"
      },
      "engines": {
        "node": ">=14.17"
      }
    }
  }
}
